<?xml version="1.0" encoding="utf-8"?>
<Project ToolsVersion="4.0" xmlns="http://schemas.microsoft.com/developer/msbuild/2003">
  <ItemGroup>
    <Filter Include="Pliki źródłowe">
      <UniqueIdentifier>{4FC737F1-C7A5-4376-A066-2A32D752A2FF}</UniqueIdentifier>
      <Extensions>cpp;c;cc;cxx;c++;cppm;ixx;def;odl;idl;hpj;bat;asm;asmx</Extensions>
    </Filter>
    <Filter Include="Pliki zasobów">
      <UniqueIdentifier>{67DA6AB6-F800-4c08-8B7A-83BB121AAD01}</UniqueIdentifier>
      <Extensions>rc;ico;cur;bmp;dlg;rc2;rct;bin;rgs;gif;jpg;jpeg;jpe;resx;tiff;tif;png;wav;mfcribbon-ms</Extensions>
    </Filter>
    <Filter Include="Pliki nagłówkowe">
      <UniqueIdentifier>{93995380-89BD-4b04-88EB-625FBE52EBFB}</UniqueIdentifier>
      <Extensions>h;hh;hpp;hxx;h++;hm;inl;inc;ipp;xsd</Extensions>
    </Filter>
    <Filter Include="imgui">
      <UniqueIdentifier>{2dc4a47c-1282-4a9f-b75d-73d1d84a3a1e}</UniqueIdentifier>
    </Filter>
    <Filter Include="imgui\backends">
      <UniqueIdentifier>{e119d345-abf6-467f-861f-c2c1d6517369}</UniqueIdentifier>
    </Filter>
    <Filter Include="OpenXLSX">
      <UniqueIdentifier>{d5284801-0320-44bb-b315-405b526c3729}</UniqueIdentifier>
    </Filter>
    <Filter Include="OpenXLSX\headers">
      <UniqueIdentifier>{deb18ccd-e585-4a92-848b-eb8ed1490d21}</UniqueIdentifier>
    </Filter>
    <Filter Include="OpenXLSX\sources">
      <UniqueIdentifier>{6b5c7031-4cf8-40c7-99b3-ed18157be313}</UniqueIdentifier>
    </Filter>
    <Filter Include="OpenXLSX\external">
      <UniqueIdentifier>{c6082a8e-7445-4269-9e9b-46e0a4d800f1}</UniqueIdentifier>
    </Filter>
    <Filter Include="OpenXLSX\external\pugixml">
      <UniqueIdentifier>{313ac7d2-7906-491e-8e5b-ff5a7a5d6df9}</UniqueIdentifier>
    </Filter>
  </ItemGroup>
  <ItemGroup>
    <ClCompile Include="Main.cpp">
      <Filter>Pliki źródłowe</Filter>
    </ClCompile>
    <ClCompile Include="imgui\imgui.cpp">
      <Filter>imgui</Filter>
    </ClCompile>
    <ClCompile Include="imgui\imgui_demo.cpp">
      <Filter>imgui</Filter>
    </ClCompile>
    <ClCompile Include="imgui\imgui_draw.cpp">
      <Filter>imgui</Filter>
    </ClCompile>
    <ClCompile Include="imgui\imgui_tables.cpp">
      <Filter>imgui</Filter>
    </ClCompile>
    <ClCompile Include="imgui\imgui_widgets.cpp">
      <Filter>imgui</Filter>
    </ClCompile>
    <ClCompile Include="imgui\backends\imgui_impl_dx9.cpp">
      <Filter>imgui\backends</Filter>
    </ClCompile>
    <ClCompile Include="imgui\backends\imgui_impl_win32.cpp">
      <Filter>imgui\backends</Filter>
    </ClCompile>
    <ClCompile Include="Application.cpp">
      <Filter>Pliki źródłowe</Filter>
    </ClCompile>
    <ClCompile Include="Rae.cpp">
      <Filter>Pliki źródłowe</Filter>
    </ClCompile>
    <ClCompile Include="KMeans.cpp">
      <Filter>Pliki źródłowe</Filter>
    </ClCompile>
    <ClCompile Include="Randomizer.cpp">
      <Filter>Pliki źródłowe</Filter>
    </ClCompile>
    <ClCompile Include="OpenXLSX\sources\XLCell.cpp">
      <Filter>OpenXLSX\sources</Filter>
    </ClCompile>
    <ClCompile Include="OpenXLSX\sources\XLCellIterator.cpp">
      <Filter>OpenXLSX\sources</Filter>
    </ClCompile>
    <ClCompile Include="OpenXLSX\sources\XLCellRange.cpp">
      <Filter>OpenXLSX\sources</Filter>
    </ClCompile>
    <ClCompile Include="OpenXLSX\sources\XLCellReference.cpp">
      <Filter>OpenXLSX\sources</Filter>
    </ClCompile>
    <ClCompile Include="OpenXLSX\sources\XLCellValue.cpp">
      <Filter>OpenXLSX\sources</Filter>
    </ClCompile>
    <ClCompile Include="OpenXLSX\sources\XLColor.cpp">
      <Filter>OpenXLSX\sources</Filter>
    </ClCompile>
    <ClCompile Include="OpenXLSX\sources\XLColumn.cpp">
      <Filter>OpenXLSX\sources</Filter>
    </ClCompile>
    <ClCompile Include="OpenXLSX\sources\XLContentTypes.cpp">
      <Filter>OpenXLSX\sources</Filter>
    </ClCompile>
    <ClCompile Include="OpenXLSX\sources\XLDateTime.cpp">
      <Filter>OpenXLSX\sources</Filter>
    </ClCompile>
    <ClCompile Include="OpenXLSX\sources\XLDocument.cpp">
      <Filter>OpenXLSX\sources</Filter>
    </ClCompile>
    <ClCompile Include="OpenXLSX\sources\XLFormula.cpp">
      <Filter>OpenXLSX\sources</Filter>
    </ClCompile>
    <ClCompile Include="OpenXLSX\sources\XLProperties.cpp">
      <Filter>OpenXLSX\sources</Filter>
    </ClCompile>
    <ClCompile Include="OpenXLSX\sources\XLRelationships.cpp">
      <Filter>OpenXLSX\sources</Filter>
    </ClCompile>
    <ClCompile Include="OpenXLSX\sources\XLRow.cpp">
      <Filter>OpenXLSX\sources</Filter>
    </ClCompile>
    <ClCompile Include="OpenXLSX\sources\XLRowData.cpp">
      <Filter>OpenXLSX\sources</Filter>
    </ClCompile>
    <ClCompile Include="OpenXLSX\sources\XLSharedStrings.cpp">
      <Filter>OpenXLSX\sources</Filter>
    </ClCompile>
    <ClCompile Include="OpenXLSX\sources\XLSheet.cpp">
      <Filter>OpenXLSX\sources</Filter>
    </ClCompile>
    <ClCompile Include="OpenXLSX\sources\XLWorkbook.cpp">
      <Filter>OpenXLSX\sources</Filter>
    </ClCompile>
    <ClCompile Include="OpenXLSX\sources\XLXmlData.cpp">
      <Filter>OpenXLSX\sources</Filter>
    </ClCompile>
    <ClCompile Include="OpenXLSX\sources\XLXmlFile.cpp">
      <Filter>OpenXLSX\sources</Filter>
    </ClCompile>
    <ClCompile Include="OpenXLSX\sources\XLZipArchive.cpp">
      <Filter>OpenXLSX\sources</Filter>
    </ClCompile>
    <ClCompile Include="OpenXLSX\external\pugixml\pugixml.cpp">
      <Filter>OpenXLSX\external\pugixml</Filter>
    </ClCompile>
  </ItemGroup>
  <ItemGroup>
    <ClInclude Include="imgui\imconfig.h">
      <Filter>imgui</Filter>
    </ClInclude>
    <ClInclude Include="imgui\imgui.h">
      <Filter>imgui</Filter>
    </ClInclude>
    <ClInclude Include="imgui\imgui_internal.h">
      <Filter>imgui</Filter>
    </ClInclude>
    <ClInclude Include="imgui\backends\imgui_impl_dx9.h">
      <Filter>imgui\backends</Filter>
    </ClInclude>
    <ClInclude Include="imgui\backends\imgui_impl_win32.h">
      <Filter>imgui\backends</Filter>
    </ClInclude>
    <ClInclude Include="imgui\imstb_rectpack.h">
      <Filter>imgui</Filter>
    </ClInclude>
    <ClInclude Include="imgui\imstb_textedit.h">
      <Filter>imgui</Filter>
    </ClInclude>
    <ClInclude Include="imgui\imstb_truetype.h">
      <Filter>imgui</Filter>
    </ClInclude>
    <ClInclude Include="Application.h">
      <Filter>Pliki źródłowe</Filter>
    </ClInclude>
    <ClInclude Include="Rae.h">
      <Filter>Pliki źródłowe</Filter>
    </ClInclude>
    <ClInclude Include="KMeans.h">
      <Filter>Pliki źródłowe</Filter>
    </ClInclude>
    <ClInclude Include="Randomizer.h">
      <Filter>Pliki źródłowe</Filter>
    </ClInclude>
    <ClInclude Include="OpenXLSX\OpenXLSX.hpp">
      <Filter>OpenXLSX</Filter>
    </ClInclude>
    <ClInclude Include="OpenXLSX\sources\utilities\XLUtilities.hpp">
      <Filter>OpenXLSX\sources</Filter>
    </ClInclude>
    <ClInclude Include="OpenXLSX\external\nowide\nowide\args.hpp">
      <Filter>OpenXLSX\external</Filter>
    </ClInclude>
    <ClInclude Include="OpenXLSX\external\nowide\nowide\cenv.hpp">
      <Filter>OpenXLSX\external</Filter>
    </ClInclude>
    <ClInclude Include="OpenXLSX\external\nowide\nowide\config.hpp">
      <Filter>OpenXLSX\external</Filter>
    </ClInclude>
    <ClInclude Include="OpenXLSX\external\nowide\nowide\convert.hpp">
      <Filter>OpenXLSX\external</Filter>
    </ClInclude>
    <ClInclude Include="OpenXLSX\external\nowide\nowide\cstdio.hpp">
      <Filter>OpenXLSX\external</Filter>
    </ClInclude>
    <ClInclude Include="OpenXLSX\external\nowide\nowide\cstdlib.hpp">
      <Filter>OpenXLSX\external</Filter>
    </ClInclude>
    <ClInclude Include="OpenXLSX\external\nowide\nowide\encoding_errors.hpp">
      <Filter>OpenXLSX\external</Filter>
    </ClInclude>
    <ClInclude Include="OpenXLSX\external\nowide\nowide\encoding_utf.hpp">
      <Filter>OpenXLSX\external</Filter>
    </ClInclude>
    <ClInclude Include="OpenXLSX\external\nowide\nowide\filebuf.hpp">
      <Filter>OpenXLSX\external</Filter>
    </ClInclude>
    <ClInclude Include="OpenXLSX\external\nowide\nowide\fstream.hpp">
      <Filter>OpenXLSX\external</Filter>
    </ClInclude>
    <ClInclude Include="OpenXLSX\external\nowide\nowide\iostream.hpp">
      <Filter>OpenXLSX\external</Filter>
    </ClInclude>
    <ClInclude Include="OpenXLSX\external\nowide\nowide\scoped_ptr.hpp">
      <Filter>OpenXLSX\external</Filter>
    </ClInclude>
    <ClInclude Include="OpenXLSX\external\nowide\nowide\stackstring.hpp">
      <Filter>OpenXLSX\external</Filter>
    </ClInclude>
    <ClInclude Include="OpenXLSX\external\nowide\nowide\system.hpp">
      <Filter>OpenXLSX\external</Filter>
    </ClInclude>
    <ClInclude Include="OpenXLSX\external\nowide\nowide\utf.hpp">
      <Filter>OpenXLSX\external</Filter>
    </ClInclude>
    <ClInclude Include="OpenXLSX\external\nowide\nowide\utf8_codecvt.hpp">
      <Filter>OpenXLSX\external</Filter>
    </ClInclude>
    <ClInclude Include="OpenXLSX\external\nowide\nowide\windows.hpp">
      <Filter>OpenXLSX\external</Filter>
    </ClInclude>
    <ClInclude Include="OpenXLSX\external\zippy\zippy.hpp">
      <Filter>OpenXLSX\external</Filter>
    </ClInclude>
    <ClInclude Include="OpenXLSX\headers\OpenXLSX-Exports.hpp">
      <Filter>OpenXLSX\headers</Filter>
    </ClInclude>
    <ClInclude Include="OpenXLSX\headers\XLCell.hpp">
      <Filter>OpenXLSX\headers</Filter>
    </ClInclude>
    <ClInclude Include="OpenXLSX\headers\XLCellIterator.hpp">
      <Filter>OpenXLSX\headers</Filter>
    </ClInclude>
    <ClInclude Include="OpenXLSX\headers\XLCellRange.hpp">
      <Filter>OpenXLSX\headers</Filter>
    </ClInclude>
    <ClInclude Include="OpenXLSX\headers\XLCellReference.hpp">
      <Filter>OpenXLSX\headers</Filter>
    </ClInclude>
    <ClInclude Include="OpenXLSX\headers\XLCellValue.hpp">
      <Filter>OpenXLSX\headers</Filter>
    </ClInclude>
    <ClInclude Include="OpenXLSX\headers\XLColor.hpp">
      <Filter>OpenXLSX\headers</Filter>
    </ClInclude>
    <ClInclude Include="OpenXLSX\headers\XLColumn.hpp">
      <Filter>OpenXLSX\headers</Filter>
    </ClInclude>
    <ClInclude Include="OpenXLSX\headers\XLCommandQuery.hpp">
      <Filter>OpenXLSX\headers</Filter>
    </ClInclude>
    <ClInclude Include="OpenXLSX\headers\XLConstants.hpp">
      <Filter>OpenXLSX\headers</Filter>
    </ClInclude>
    <ClInclude Include="OpenXLSX\headers\XLContentTypes.hpp">
      <Filter>OpenXLSX\headers</Filter>
    </ClInclude>
    <ClInclude Include="OpenXLSX\headers\XLDateTime.hpp">
      <Filter>OpenXLSX\headers</Filter>
    </ClInclude>
    <ClInclude Include="OpenXLSX\headers\XLDocument.hpp">
      <Filter>OpenXLSX\headers</Filter>
    </ClInclude>
    <ClInclude Include="OpenXLSX\headers\XLException.hpp">
      <Filter>OpenXLSX\headers</Filter>
    </ClInclude>
    <ClInclude Include="OpenXLSX\headers\XLFormula.hpp">
      <Filter>OpenXLSX\headers</Filter>
    </ClInclude>
    <ClInclude Include="OpenXLSX\headers\XLIterator.hpp">
      <Filter>OpenXLSX\headers</Filter>
    </ClInclude>
    <ClInclude Include="OpenXLSX\headers\XLProperties.hpp">
      <Filter>OpenXLSX\headers</Filter>
    </ClInclude>
    <ClInclude Include="OpenXLSX\headers\XLRelationships.hpp">
      <Filter>OpenXLSX\headers</Filter>
    </ClInclude>
    <ClInclude Include="OpenXLSX\headers\XLRow.hpp">
      <Filter>OpenXLSX\headers</Filter>
    </ClInclude>
    <ClInclude Include="OpenXLSX\headers\XLRowData.hpp">
      <Filter>OpenXLSX\headers</Filter>
    </ClInclude>
    <ClInclude Include="OpenXLSX\headers\XLSharedStrings.hpp">
      <Filter>OpenXLSX\headers</Filter>
    </ClInclude>
    <ClInclude Include="OpenXLSX\headers\XLSheet.hpp">
      <Filter>OpenXLSX\headers</Filter>
    </ClInclude>
    <ClInclude Include="OpenXLSX\headers\XLWorkbook.hpp">
      <Filter>OpenXLSX\headers</Filter>
    </ClInclude>
    <ClInclude Include="OpenXLSX\headers\XLXmlData.hpp">
      <Filter>OpenXLSX\headers</Filter>
    </ClInclude>
    <ClInclude Include="OpenXLSX\headers\XLXmlFile.hpp">
      <Filter>OpenXLSX\headers</Filter>
    </ClInclude>
    <ClInclude Include="OpenXLSX\headers\XLXmlParser.hpp">
      <Filter>OpenXLSX\headers</Filter>
    </ClInclude>
    <ClInclude Include="OpenXLSX\headers\XLZipArchive.hpp">
      <Filter>OpenXLSX\headers</Filter>
    </ClInclude>
    <ClInclude Include="OpenXLSX\external\pugixml\pugixml.hpp">
      <Filter>OpenXLSX\external\pugixml</Filter>
    </ClInclude>
    <ClInclude Include="OpenXLSX\external\pugixml\pugiconfig.hpp">
      <Filter>OpenXLSX\external\pugixml</Filter>
    </ClInclude>
  </ItemGroup>
  <ItemGroup>
    <None Include="OpenXLSX\LICENSE.md">
      <Filter>OpenXLSX</Filter>
    </None>
  </ItemGroup>
</Project>